
Microsoft Visual Studio Solution File, Format Version 12.00
Project("{FAE04EC0-301F-11D3-BF4B-00C04F79EFBC}") = "MartenDeciderTwoStores", "MartenDeciderTwoStores\MartenDeciderTwoStores.csproj", "{3C74998C-8977-4742-8903-B1D57C54991B}"
EndProject
Global
	GlobalSection(SolutionConfigurationPlatforms) = preSolution
		Debug|Any CPU = Debug|Any CPU
		Release|Any CPU = Release|Any CPU
	EndGlobalSection
	GlobalSection(ProjectConfigurationPlatforms) = postSolution
		{3C74998C-8977-4742-8903-B1D57C54991B}.Debug|Any CPU.ActiveCfg = Debug|Any CPU
		{3C74998C-8977-4742-8903-B1D57C54991B}.Debug|Any CPU.Build.0 = Debug|Any CPU
		{3C74998C-8977-4742-8903-B1D57C54991B}.Release|Any CPU.ActiveCfg = Release|Any CPU
		{3C74998C-8977-4742-8903-B1D57C54991B}.Release|Any CPU.Build.0 = Release|Any CPU
	EndGlobalSection
EndGlobal
